
Microsoft Visual Studio Solution File, Format Version 12.00
# Visual Studio Version 16
VisualStudioVersion = 16.0.30717.126
MinimumVisualStudioVersion = 10.0.40219.1
Project("{2150E333-8FDC-42A3-9474-1A3956D46DE8}") = "Tests", "Tests", "{A84D775B-B0CF-4E61-AA4C-BB7006B4243E}"
EndProject
Project("{2150E333-8FDC-42A3-9474-1A3956D46DE8}") = "Unit Tests", "Unit Tests", "{413F7FD5-52A6-413D-BCE9-D1C1A4676E8D}"
EndProject
Project("{9A19103F-16F7-4668-BE54-9A1E7A4F7556}") = "YuckQi.Data.UnitTests", "test\YuckQi.Data.UnitTests\YuckQi.Data.UnitTests.csproj", "{2CE9C444-1D4F-466B-B0C3-30197E1F5377}"
EndProject
Project("{9A19103F-16F7-4668-BE54-9A1E7A4F7556}") = "YuckQi.Data", "src\YuckQi.Data\YuckQi.Data.csproj", "{6DBE301E-7081-44F1-BB90-0B3D101CE493}"
EndProject
Project("{9A19103F-16F7-4668-BE54-9A1E7A4F7556}") = "YuckQi.Data.Sql.EntityFramework", "src\YuckQi.Data.Sql.EntityFramework\YuckQi.Data.Sql.EntityFramework.csproj", "{FA541C87-66FF-4A01-A9B6-CC7386B4979B}"
EndProject
Project("{9A19103F-16F7-4668-BE54-9A1E7A4F7556}") = "YuckQi.Data.Sql.Dapper.SqlServer", "src\YuckQi.Data.Sql.Dapper.SqlServer\YuckQi.Data.Sql.Dapper.SqlServer.csproj", "{E00C4C27-802F-4EC1-B703-F460E2BC5751}"
EndProject
Project("{9A19103F-16F7-4668-BE54-9A1E7A4F7556}") = "YuckQi.Data.Sql.Dapper.MySql", "src\YuckQi.Data.Sql.Dapper.MySql\YuckQi.Data.Sql.Dapper.MySql.csproj", "{A60AE981-7EA7-4921-91AC-A6B77EC4FA95}"
EndProject
Project("{9A19103F-16F7-4668-BE54-9A1E7A4F7556}") = "YuckQi.Data.Sql.Dapper", "src\YuckQi.Data.Sql.Dapper\YuckQi.Data.Sql.Dapper.csproj", "{9CBDA74A-2A9C-4E43-B432-464DE31E8985}"
EndProject
Project("{9A19103F-16F7-4668-BE54-9A1E7A4F7556}") = "YuckQi.Data.Sql.Dapper.SqlServer.UnitTests", "test\YuckQi.Data.Sql.Dapper.SqlServer.UnitTests\YuckQi.Data.Sql.Dapper.SqlServer.UnitTests.csproj", "{3488B274-C1C9-4BC5-8A99-05FAE0496A17}"
EndProject
Project("{9A19103F-16F7-4668-BE54-9A1E7A4F7556}") = "YuckQi.Data.Sql.Dapper.MySql.UnitTests", "test\YuckQi.Data.Sql.Dapper.MySql.UnitTests\YuckQi.Data.Sql.Dapper.MySql.UnitTests.csproj", "{645C986D-A7D3-4CE2-9B04-840A6C39BCF5}"
EndProject
Project("{FAE04EC0-301F-11D3-BF4B-00C04F79EFBC}") = "YuckQi.Data.DocumentDb.MongoDb", "src\YuckQi.Data.DocumentDb.MongoDb\YuckQi.Data.DocumentDb.MongoDb.csproj", "{4D939ED3-8047-46DC-AC33-AA0B2BF2E33F}"
EndProject
Global
	GlobalSection(SolutionConfigurationPlatforms) = preSolution
		Debug|Any CPU = Debug|Any CPU
		Release|Any CPU = Release|Any CPU
	EndGlobalSection
	GlobalSection(ProjectConfigurationPlatforms) = postSolution
		{2CE9C444-1D4F-466B-B0C3-30197E1F5377}.Debug|Any CPU.ActiveCfg = Debug|Any CPU
		{2CE9C444-1D4F-466B-B0C3-30197E1F5377}.Debug|Any CPU.Build.0 = Debug|Any CPU
		{2CE9C444-1D4F-466B-B0C3-30197E1F5377}.Release|Any CPU.ActiveCfg = Release|Any CPU
		{2CE9C444-1D4F-466B-B0C3-30197E1F5377}.Release|Any CPU.Build.0 = Release|Any CPU
		{6DBE301E-7081-44F1-BB90-0B3D101CE493}.Debug|Any CPU.ActiveCfg = Debug|Any CPU
		{6DBE301E-7081-44F1-BB90-0B3D101CE493}.Debug|Any CPU.Build.0 = Debug|Any CPU
		{6DBE301E-7081-44F1-BB90-0B3D101CE493}.Release|Any CPU.ActiveCfg = Release|Any CPU
		{6DBE301E-7081-44F1-BB90-0B3D101CE493}.Release|Any CPU.Build.0 = Release|Any CPU
		{FA541C87-66FF-4A01-A9B6-CC7386B4979B}.Debug|Any CPU.ActiveCfg = Debug|Any CPU
		{FA541C87-66FF-4A01-A9B6-CC7386B4979B}.Debug|Any CPU.Build.0 = Debug|Any CPU
		{FA541C87-66FF-4A01-A9B6-CC7386B4979B}.Release|Any CPU.ActiveCfg = Release|Any CPU
		{FA541C87-66FF-4A01-A9B6-CC7386B4979B}.Release|Any CPU.Build.0 = Release|Any CPU
		{E00C4C27-802F-4EC1-B703-F460E2BC5751}.Debug|Any CPU.ActiveCfg = Debug|Any CPU
		{E00C4C27-802F-4EC1-B703-F460E2BC5751}.Debug|Any CPU.Build.0 = Debug|Any CPU
		{E00C4C27-802F-4EC1-B703-F460E2BC5751}.Release|Any CPU.ActiveCfg = Release|Any CPU
		{E00C4C27-802F-4EC1-B703-F460E2BC5751}.Release|Any CPU.Build.0 = Release|Any CPU
		{A60AE981-7EA7-4921-91AC-A6B77EC4FA95}.Debug|Any CPU.ActiveCfg = Debug|Any CPU
		{A60AE981-7EA7-4921-91AC-A6B77EC4FA95}.Debug|Any CPU.Build.0 = Debug|Any CPU
		{A60AE981-7EA7-4921-91AC-A6B77EC4FA95}.Release|Any CPU.ActiveCfg = Release|Any CPU
		{A60AE981-7EA7-4921-91AC-A6B77EC4FA95}.Release|Any CPU.Build.0 = Release|Any CPU
		{9CBDA74A-2A9C-4E43-B432-464DE31E8985}.Debug|Any CPU.ActiveCfg = Debug|Any CPU
		{9CBDA74A-2A9C-4E43-B432-464DE31E8985}.Debug|Any CPU.Build.0 = Debug|Any CPU
		{9CBDA74A-2A9C-4E43-B432-464DE31E8985}.Release|Any CPU.ActiveCfg = Release|Any CPU
		{9CBDA74A-2A9C-4E43-B432-464DE31E8985}.Release|Any CPU.Build.0 = Release|Any CPU
		{3488B274-C1C9-4BC5-8A99-05FAE0496A17}.Debug|Any CPU.ActiveCfg = Debug|Any CPU
		{3488B274-C1C9-4BC5-8A99-05FAE0496A17}.Debug|Any CPU.Build.0 = Debug|Any CPU
		{3488B274-C1C9-4BC5-8A99-05FAE0496A17}.Release|Any CPU.ActiveCfg = Release|Any CPU
		{3488B274-C1C9-4BC5-8A99-05FAE0496A17}.Release|Any CPU.Build.0 = Release|Any CPU
		{645C986D-A7D3-4CE2-9B04-840A6C39BCF5}.Debug|Any CPU.ActiveCfg = Debug|Any CPU
		{645C986D-A7D3-4CE2-9B04-840A6C39BCF5}.Debug|Any CPU.Build.0 = Debug|Any CPU
		{645C986D-A7D3-4CE2-9B04-840A6C39BCF5}.Release|Any CPU.ActiveCfg = Release|Any CPU
		{645C986D-A7D3-4CE2-9B04-840A6C39BCF5}.Release|Any CPU.Build.0 = Release|Any CPU
		{4D939ED3-8047-46DC-AC33-AA0B2BF2E33F}.Debug|Any CPU.ActiveCfg = Debug|Any CPU
		{4D939ED3-8047-46DC-AC33-AA0B2BF2E33F}.Debug|Any CPU.Build.0 = Debug|Any CPU
		{4D939ED3-8047-46DC-AC33-AA0B2BF2E33F}.Release|Any CPU.ActiveCfg = Release|Any CPU
		{4D939ED3-8047-46DC-AC33-AA0B2BF2E33F}.Release|Any CPU.Build.0 = Release|Any CPU
	EndGlobalSection
	GlobalSection(SolutionProperties) = preSolution
		HideSolutionNode = FALSE
	EndGlobalSection
	GlobalSection(NestedProjects) = preSolution
		{413F7FD5-52A6-413D-BCE9-D1C1A4676E8D} = {A84D775B-B0CF-4E61-AA4C-BB7006B4243E}
		{2CE9C444-1D4F-466B-B0C3-30197E1F5377} = {413F7FD5-52A6-413D-BCE9-D1C1A4676E8D}
		{3488B274-C1C9-4BC5-8A99-05FAE0496A17} = {413F7FD5-52A6-413D-BCE9-D1C1A4676E8D}
		{645C986D-A7D3-4CE2-9B04-840A6C39BCF5} = {413F7FD5-52A6-413D-BCE9-D1C1A4676E8D}
	EndGlobalSection
	GlobalSection(ExtensibilityGlobals) = postSolution
		SolutionGuid = {3C652094-AB49-4717-B588-36FD50857718}
	EndGlobalSection
EndGlobal
